// !$*UTF8*$!
{
	archiveVersion = 1;
	classes = {
	};
	objectVersion = 50;
	objects = {

/* Begin PBXBuildFile section */
		23522187208A878C00496089 /* Success.aiff in Resources */ = {isa = PBXBuildFile; fileRef = 23522186208A878C00496089 /* Success.aiff */; };
		23522189208A879400496089 /* Failure.aiff in Resources */ = {isa = PBXBuildFile; fileRef = 23522188208A879400496089 /* Failure.aiff */; };
		23DA2E08208680C800705F14 /* AppDelegate.swift in Sources */ = {isa = PBXBuildFile; fileRef = 23DA2E07208680C800705F14 /* AppDelegate.swift */; };
		23DA2E0A208680C900705F14 /* Assets.xcassets in Resources */ = {isa = PBXBuildFile; fileRef = 23DA2E09208680C900705F14 /* Assets.xcassets */; };
		23DA2E0D208680C900705F14 /* MainMenu.xib in Resources */ = {isa = PBXBuildFile; fileRef = 23DA2E0B208680C900705F14 /* MainMenu.xib */; };
/* End PBXBuildFile section */

/* Begin PBXFileReference section */
		23522186208A878C00496089 /* Success.aiff */ = {isa = PBXFileReference; lastKnownFileType = audio.aiff; path = Success.aiff; sourceTree = "<group>"; };
		23522188208A879400496089 /* Failure.aiff */ = {isa = PBXFileReference; lastKnownFileType = audio.aiff; path = Failure.aiff; sourceTree = "<group>"; };
		23DA2E04208680C800705F14 /* EjectionSeat.app */ = {isa = PBXFileReference; explicitFileType = wrapper.application; includeInIndex = 0; path = EjectionSeat.app; sourceTree = BUILT_PRODUCTS_DIR; };
		23DA2E07208680C800705F14 /* AppDelegate.swift */ = {isa = PBXFileReference; lastKnownFileType = sourcecode.swift; path = AppDelegate.swift; sourceTree = "<group>"; };
		23DA2E09208680C900705F14 /* Assets.xcassets */ = {isa = PBXFileReference; lastKnownFileType = folder.assetcatalog; path = Assets.xcassets; sourceTree = "<group>"; };
		23DA2E0C208680C900705F14 /* Base */ = {isa = PBXFileReference; lastKnownFileType = file.xib; name = Base; path = Base.lproj/MainMenu.xib; sourceTree = "<group>"; };
		23DA2E0E208680C900705F14 /* Info.plist */ = {isa = PBXFileReference; lastKnownFileType = text.plist.xml; path = Info.plist; sourceTree = "<group>"; };
		23DA2E0F208680C900705F14 /* EjectionSeat.entitlements */ = {isa = PBXFileReference; lastKnownFileType = text.plist.entitlements; path = EjectionSeat.entitlements; sourceTree = "<group>"; };
/* End PBXFileReference section */

/* Begin PBXFrameworksBuildPhase section */
		23DA2E01208680C800705F14 /* Frameworks */ = {
			isa = PBXFrameworksBuildPhase;
			buildActionMask = 2147483647;
			files = (
			);
			runOnlyForDeploymentPostprocessing = 0;
		};
/* End PBXFrameworksBuildPhase section */

/* Begin PBXGroup section */
		23DA2DFB208680C800705F14 = {
			isa = PBXGroup;
			children = (
				23DA2E06208680C800705F14 /* EjectionSeat */,
				23DA2E05208680C800705F14 /* Products */,
			);
			sourceTree = "<group>";
		};
		23DA2E05208680C800705F14 /* Products */ = {
			isa = PBXGroup;
			children = (
				23DA2E04208680C800705F14 /* EjectionSeat.app */,
			);
			name = Products;
			sourceTree = "<group>";
		};
		23DA2E06208680C800705F14 /* EjectionSeat */ = {
			isa = PBXGroup;
			children = (
				23DA2E07208680C800705F14 /* AppDelegate.swift */,
				23DA2E09208680C900705F14 /* Assets.xcassets */,
				23DA2E0B208680C900705F14 /* MainMenu.xib */,
				23522186208A878C00496089 /* Success.aiff */,
				23522188208A879400496089 /* Failure.aiff */,
				23DA2E0E208680C900705F14 /* Info.plist */,
				23DA2E0F208680C900705F14 /* EjectionSeat.entitlements */,
			);
			path = EjectionSeat;
			sourceTree = "<group>";
		};
/* End PBXGroup section */

/* Begin PBXNativeTarget section */
		23DA2E03208680C800705F14 /* EjectionSeat */ = {
			isa = PBXNativeTarget;
			buildConfigurationList = 23DA2E12208680C900705F14 /* Build configuration list for PBXNativeTarget "EjectionSeat" */;
			buildPhases = (
				23DA2E00208680C800705F14 /* Sources */,
				23DA2E01208680C800705F14 /* Frameworks */,
				23DA2E02208680C800705F14 /* Resources */,
			);
			buildRules = (
			);
			dependencies = (
			);
			name = EjectionSeat;
			productName = EjectionSeat;
			productReference = 23DA2E04208680C800705F14 /* EjectionSeat.app */;
			productType = "com.apple.product-type.application";
		};
/* End PBXNativeTarget section */

/* Begin PBXProject section */
		23DA2DFC208680C800705F14 /* Project object */ = {
			isa = PBXProject;
			attributes = {
				LastSwiftUpdateCheck = 0930;
				LastUpgradeCheck = 0930;
				ORGANIZATIONNAME = "Austin Kootz";
				TargetAttributes = {
					23DA2E03208680C800705F14 = {
						CreatedOnToolsVersion = 9.3;
					};
				};
			};
			buildConfigurationList = 23DA2DFF208680C800705F14 /* Build configuration list for PBXProject "EjectionSeat" */;
			compatibilityVersion = "Xcode 9.3";
			developmentRegion = en;
			hasScannedForEncodings = 0;
			knownRegions = (
				en,
				Base,
			);
			mainGroup = 23DA2DFB208680C800705F14;
			productRefGroup = 23DA2E05208680C800705F14 /* Products */;
			projectDirPath = "";
			projectRoot = "";
			targets = (
				23DA2E03208680C800705F14 /* EjectionSeat */,
			);
		};
/* End PBXProject section */

/* Begin PBXResourcesBuildPhase section */
		23DA2E02208680C800705F14 /* Resources */ = {
			isa = PBXResourcesBuildPhase;
			buildActionMask = 2147483647;
			files = (
				23522189208A879400496089 /* Failure.aiff in Resources */,
				23DA2E0A208680C900705F14 /* Assets.xcassets in Resources */,
				23522187208A878C00496089 /* Success.aiff in Resources */,
				23DA2E0D208680C900705F14 /* MainMenu.xib in Resources */,
			);
			runOnlyForDeploymentPostprocessing = 0;
		};
/* End PBXResourcesBuildPhase section */

/* Begin PBXSourcesBuildPhase section */
		23DA2E00208680C800705F14 /* Sources */ = {
			isa = PBXSourcesBuildPhase;
			buildActionMask = 2147483647;
			files = (
				23DA2E08208680C800705F14 /* AppDelegate.swift in Sources */,
			);
			runOnlyForDeploymentPostprocessing = 0;
		};
/* End PBXSourcesBuildPhase section */

/* Begin PBXVariantGroup section */
		23DA2E0B208680C900705F14 /* MainMenu.xib */ = {
			isa = PBXVariantGroup;
			children = (
				23DA2E0C208680C900705F14 /* Base */,
			);
			name = MainMenu.xib;
			sourceTree = "<group>";
		};
/* End PBXVariantGroup section */

/* Begin XCBuildConfiguration section */
		23DA2E10208680C900705F14 /* Debug */ = {
			isa = XCBuildConfiguration;
			buildSettings = {
				ALWAYS_SEARCH_USER_PATHS = NO;
				CLANG_ANALYZER_NONNULL = YES;
				CLANG_ANALYZER_NUMBER_OBJECT_CONVERSION = YES_AGGRESSIVE;
				CLANG_CXX_LANGUAGE_STANDARD = "gnu++14";
				CLANG_CXX_LIBRARY = "libc++";
				CLANG_ENABLE_MODULES = YES;
				CLANG_ENABLE_OBJC_ARC = YES;
				CLANG_ENABLE_OBJC_WEAK = YES;
				CLANG_WARN_BLOCK_CAPTURE_AUTORELEASING = YES;
				CLANG_WARN_BOOL_CONVERSION = YES;
				CLANG_WARN_COMMA = YES;
				CLANG_WARN_CONSTANT_CONVERSION = YES;
				CLANG_WARN_DEPRECATED_OBJC_IMPLEMENTATIONS = YES;
				CLANG_WARN_DIRECT_OBJC_ISA_USAGE = YES_ERROR;
				CLANG_WARN_DOCUMENTATION_COMMENTS = YES;
				CLANG_WARN_EMPTY_BODY = YES;
				CLANG_WARN_ENUM_CONVERSION = YES;
				CLANG_WARN_INFINITE_RECURSION = YES;
				CLANG_WARN_INT_CONVERSION = YES;
				CLANG_WARN_NON_LITERAL_NULL_CONVERSION = YES;
				CLANG_WARN_OBJC_IMPLICIT_RETAIN_SELF = YES;
				CLANG_WARN_OBJC_LITERAL_CONVERSION = YES;
				CLANG_WARN_OBJC_ROOT_CLASS = YES_ERROR;
				CLANG_WARN_RANGE_LOOP_ANALYSIS = YES;
				CLANG_WARN_STRICT_PROTOTYPES = YES;
				CLANG_WARN_SUSPICIOUS_MOVE = YES;
				CLANG_WARN_UNGUARDED_AVAILABILITY = YES_AGGRESSIVE;
				CLANG_WARN_UNREACHABLE_CODE = YES;
				CLANG_WARN__DUPLICATE_METHOD_MATCH = YES;
				CODE_SIGN_IDENTITY = "Mac Developer";
				COPY_PHASE_STRIP = NO;
				DEBUG_INFORMATION_FORMAT = dwarf;
				ENABLE_STRICT_OBJC_MSGSEND = YES;
				ENABLE_TESTABILITY = YES;
				GCC_C_LANGUAGE_STANDARD = gnu11;
				GCC_DYNAMIC_NO_PIC = NO;
				GCC_NO_COMMON_BLOCKS = YES;
				GCC_OPTIMIZATION_LEVEL = 0;
				GCC_PREPROCESSOR_DEFINITIONS = (
					"DEBUG=1",
					"$(inherited)",
				);
				GCC_WARN_64_TO_32_BIT_CONVERSION = YES;
				GCC_WARN_ABOUT_RETURN_TYPE = YES_ERROR;
				GCC_WARN_UNDECLARED_SELECTOR = YES;
				GCC_WARN_UNINITIALIZED_AUTOS = YES_AGGRESSIVE;
				GCC_WARN_UNUSED_FUNCTION = YES;
				GCC_WARN_UNUSED_VARIABLE = YES;
				MACOSX_DEPLOYMENT_TARGET = 10.13;
				MTL_ENABLE_DEBUG_INFO = YES;
				ONLY_ACTIVE_ARCH = YES;
				SDKROOT = macosx;
				SWIFT_ACTIVE_COMPILATION_CONDITIONS = DEBUG;
				SWIFT_OPTIMIZATION_LEVEL = "-Onone";
			};
			name = Debug;
		};
		23DA2E11208680C900705F14 /* Release */ = {
			isa = XCBuildConfiguration;
			buildSettings = {
				ALWAYS_SEARCH_USER_PATHS = NO;
				CLANG_ANALYZER_NONNULL = YES;
				CLANG_ANALYZER_NUMBER_OBJECT_CONVERSION = YES_AGGRESSIVE;
				CLANG_CXX_LANGUAGE_STANDARD = "gnu++14";
				CLANG_CXX_LIBRARY = "libc++";
				CLANG_ENABLE_MODULES = YES;
				CLANG_ENABLE_OBJC_ARC = YES;
				CLANG_ENABLE_OBJC_WEAK = YES;
				CLANG_WARN_BLOCK_CAPTURE_AUTORELEASING = YES;
				CLANG_WARN_BOOL_CONVERSION = YES;
				CLANG_WARN_COMMA = YES;
				CLANG_WARN_CONSTANT_CONVERSION = YES;
				CLANG_WARN_DEPRECATED_OBJC_IMPLEMENTATIONS = YES;
				CLANG_WARN_DIRECT_OBJC_ISA_USAGE = YES_ERROR;
				CLANG_WARN_DOCUMENTATION_COMMENTS = YES;
				CLANG_WARN_EMPTY_BODY = YES;
				CLANG_WARN_ENUM_CONVERSION = YES;
				CLANG_WARN_INFINITE_RECURSION = YES;
				CLANG_WARN_INT_CONVERSION = YES;
				CLANG_WARN_NON_LITERAL_NULL_CONVERSION = YES;
				CLANG_WARN_OBJC_IMPLICIT_RETAIN_SELF = YES;
				CLANG_WARN_OBJC_LITERAL_CONVERSION = YES;
				CLANG_WARN_OBJC_ROOT_CLASS = YES_ERROR;
				CLANG_WARN_RANGE_LOOP_ANALYSIS = YES;
				CLANG_WARN_STRICT_PROTOTYPES = YES;
				CLANG_WARN_SUSPICIOUS_MOVE = YES;
				CLANG_WARN_UNGUARDED_AVAILABILITY = YES_AGGRESSIVE;
				CLANG_WARN_UNREACHABLE_CODE = YES;
				CLANG_WARN__DUPLICATE_METHOD_MATCH = YES;
				CODE_SIGN_IDENTITY = "Mac Developer";
				COPY_PHASE_STRIP = NO;
				DEBUG_INFORMATION_FORMAT = "dwarf-with-dsym";
				ENABLE_NS_ASSERTIONS = NO;
				ENABLE_STRICT_OBJC_MSGSEND = YES;
				GCC_C_LANGUAGE_STANDARD = gnu11;
				GCC_NO_COMMON_BLOCKS = YES;
				GCC_WARN_64_TO_32_BIT_CONVERSION = YES;
				GCC_WARN_ABOUT_RETURN_TYPE = YES_ERROR;
				GCC_WARN_UNDECLARED_SELECTOR = YES;
				GCC_WARN_UNINITIALIZED_AUTOS = YES_AGGRESSIVE;
				GCC_WARN_UNUSED_FUNCTION = YES;
				GCC_WARN_UNUSED_VARIABLE = YES;
				MACOSX_DEPLOYMENT_TARGET = 10.13;
				MTL_ENABLE_DEBUG_INFO = NO;
				SDKROOT = macosx;
				SWIFT_COMPILATION_MODE = wholemodule;
				SWIFT_OPTIMIZATION_LEVEL = "-O";
			};
			name = Release;
		};
		23DA2E13208680C900705F14 /* Debug */ = {
			isa = XCBuildConfiguration;
			buildSettings = {
				ASSETCATALOG_COMPILER_APPICON_NAME = AppIcon;
				CODE_SIGN_ENTITLEMENTS = EjectionSeat/EjectionSeat.entitlements;
				CODE_SIGN_STYLE = Automatic;
				COMBINE_HIDPI_IMAGES = YES;
				DEVELOPMENT_TEAM = 28HVH2LFES;
				INFOPLIST_FILE = EjectionSeat/Info.plist;
				LD_RUNPATH_SEARCH_PATHS = (
					"$(inherited)",
					"@executable_path/../Frameworks",
				);
				MACOSX_DEPLOYMENT_TARGET = 10.13;
				PRODUCT_BUNDLE_IDENTIFIER = sculptr.EjectionSeat;
				PRODUCT_NAME = "$(TARGET_NAME)";
				SWIFT_VERSION = 4.0;
			};
			name = Debug;
		};
		23DA2E14208680C900705F14 /* Release */ = {
			isa = XCBuildConfiguration;
			buildSettings = {
				ASSETCATALOG_COMPILER_APPICON_NAME = AppIcon;
				CODE_SIGN_ENTITLEMENTS = EjectionSeat/EjectionSeat.entitlements;
				CODE_SIGN_STYLE = Automatic;
				COMBINE_HIDPI_IMAGES = YES;
				DEVELOPMENT_TEAM = 28HVH2LFES;
				INFOPLIST_FILE = EjectionSeat/Info.plist;
				LD_RUNPATH_SEARCH_PATHS = (
					"$(inherited)",
					"@executable_path/../Frameworks",
				);
				MACOSX_DEPLOYMENT_TARGET = 10.13;
				PRODUCT_BUNDLE_IDENTIFIER = sculptr.EjectionSeat;
				PRODUCT_NAME = "$(TARGET_NAME)";
				SWIFT_VERSION = 4.0;
			};
			name = Release;
		};
/* End XCBuildConfiguration section */

/* Begin XCConfigurationList section */
		23DA2DFF208680C800705F14 /* Build configuration list for PBXProject "EjectionSeat" */ = {
			isa = XCConfigurationList;
			buildConfigurations = (
				23DA2E10208680C900705F14 /* Debug */,
				23DA2E11208680C900705F14 /* Release */,
			);
			defaultConfigurationIsVisible = 0;
			defaultConfigurationName = Release;
		};
		23DA2E12208680C900705F14 /* Build configuration list for PBXNativeTarget "EjectionSeat" */ = {
			isa = XCConfigurationList;
			buildConfigurations = (
				23DA2E13208680C900705F14 /* Debug */,
				23DA2E14208680C900705F14 /* Release */,
			);
			defaultConfigurationIsVisible = 0;
			defaultConfigurationName = Release;
		};
/* End XCConfigurationList section */
	};
	rootObject = 23DA2DFC208680C800705F14 /* Project object */;
}
